
Microsoft Visual Studio Solution File, Format Version 12.00
# Visual Studio Version 16
VisualStudioVersion = 16.0.32901.82
MinimumVisualStudioVersion = 10.0.40219.1
Project("{FAE04EC0-301F-11D3-BF4B-00C04F79EFBC}") = "iden", "iden\iden.csproj", "{20C68A0E-C52C-48D7-8FEC-9F4048394CB2}"
EndProject
Global
	GlobalSection(SolutionConfigurationPlatforms) = preSolution
		Debug|Any CPU = Debug|Any CPU
		Release|Any CPU = Release|Any CPU
	EndGlobalSection
	GlobalSection(ProjectConfigurationPlatforms) = postSolution
		{20C68A0E-C52C-48D7-8FEC-9F4048394CB2}.Debug|Any CPU.ActiveCfg = Debug|Any CPU
		{20C68A0E-C52C-48D7-8FEC-9F4048394CB2}.Debug|Any CPU.Build.0 = Debug|Any CPU
		{20C68A0E-C52C-48D7-8FEC-9F4048394CB2}.Release|Any CPU.ActiveCfg = Release|Any CPU
		{20C68A0E-C52C-48D7-8FEC-9F4048394CB2}.Release|Any CPU.Build.0 = Release|Any CPU
	EndGlobalSection
	GlobalSection(SolutionProperties) = preSolution
		HideSolutionNode = FALSE
	EndGlobalSection
	GlobalSection(ExtensibilityGlobals) = postSolution
		SolutionGuid = {D9A7CD0F-F75A-4FBC-8621-91564B2FBD67}
	EndGlobalSection
EndGlobal
